{
  "lockfile_version": "1",
  "packages": {
    "github:NixOS/nixpkgs/nixpkgs-unstable": {
      "last_modified": "2026-09-28T04:45:22Z",
      "resolved": "github:NixOS/nixpkgs/419fe0f449b3fbe3bdd53d9840288db4509ec32e?lastModified=1790570722&narHash=sha256-Avcz96Q%2B8OkfUIUXipBBVsQn19L622BtKP7mk6M%2Buls%3D"
    },
    "nodejs@26": {
      "last_modified": "2026-09-28T04:45:22Z",
      "plugin_version": "0.0.5",
      "resolved": "github:NixOS/nixpkgs/419fe0f449b3fbe3bdd53d9840288db4509ec32e#nodejs_26",
      "source": "devbox-search",
      "version": "26.10.0",
      "systems": {
        "aarch64-darwin": {
          "outputs": [
            {
              "name": "out",
              "path": "/nix/store/xs1l2nzllqp7imnhpd2n6cm0m70yzp10-nodejs-26.10.0",
              "default": true
            }
          ],
          "store_path": "/nix/store/xs1l2nzllqp7imnhpd2n6cm0m70yzp10-nodejs-26.10.0"
        },
        "aarch64-linux": {
          "outputs": [
            {
              "name": "out",
              "path": "/nix/store/is5cipy5r2l69z98ikz5wrglbxq761hj-nodejs-26.10.0",
              "default": true
            }
          ],
          "store_path": "/nix/store/is5cipy5r2l69z98ikz5wrglbxq761hj-nodejs-26.10.0"
        },
        "x86_64-linux": {
          "outputs": [
            {
              "name": "out",
              "path": "/nix/store/x9iqbiwqaw81lvkpirikqm13cp6whn9s-nodejs-26.10.0",
              "default": true
            }
          ],
          "store_path": "/nix/store/x9iqbiwqaw81lvkpirikqm13cp6whn9s-nodejs-26.10.0"
        }
      }
    },
    "pnpm@latest": {
      "last_modified": "2026-08-27T07:16:00Z",
      "resolved": "github:NixOS/nixpkgs/c27cdad491a991b11ed731760aa2ef8db0cb0410#pnpm",
      "source": "devbox-search",
      "version": "11.22.0",
      "systems": {
        "aarch64-darwin": {
          "outputs": [
            {
              "name": "out",
              "path": "/nix/store/z0rlx5672gdlfb3830irk026yfwz8kyp-pnpm-11.22.0",
              "default": true
            }
          ],
          "store_path": "/nix/store/z0rlx5672gdlfb3830irk026yfwz8kyp-pnpm-11.22.0"
        },
        "aarch64-linux": {
          "outputs": [
            {
              "name": "out",
              "path": "/nix/store/ym3qz78cr56fcc28v3d6paxnjs9v5gqw-pnpm-11.22.0",
              "default": true
            }
          ],
          "store_path": "/nix/store/ym3qz78cr56fcc28v3d6paxnjs9v5gqw-pnpm-11.22.0"
        },
        "x86_64-linux": {
          "outputs": [
            {
              "name": "out",
              "path": "/nix/store/33x60qag0i4ri26wvvkp4lb3hhqw6fsc-pnpm-11.22.0",
              "default": true
            }
          ],
          "store_path": "/nix/store/33x60qag0i4ri26wvvkp4lb3hhqw6fsc-pnpm-11.22.0"
        }
      }
    }
  }
}
